
Microsoft Visual Studio Solution File, Format Version 12.00
# Visual Studio Version 17
VisualStudioVersion = 17.8.34330.188
MinimumVisualStudioVersion = 10.0.40219.1
Project("{FAE04EC0-301F-11D3-BF4B-00C04F79EFBC}") = "WebApiTest", "WebApiTest\WebApiTest.csproj", "{73A57938-DE9E-430F-97ED-EDBA87FD36C2}"
EndProject
Global
	GlobalSection(SolutionConfigurationPlatforms) = preSolution
		Debug|Any CPU = Debug|Any CPU
		Release|Any CPU = Release|Any CPU
	EndGlobalSection
	GlobalSection(ProjectConfigurationPlatforms) = postSolution
		{73A57938-DE9E-430F-97ED-EDBA87FD36C2}.Debug|Any CPU.ActiveCfg = Debug|Any CPU
		{73A57938-DE9E-430F-97ED-EDBA87FD36C2}.Debug|Any CPU.Build.0 = Debug|Any CPU
		{73A57938-DE9E-430F-97ED-EDBA87FD36C2}.Release|Any CPU.ActiveCfg = Release|Any CPU
		{73A57938-DE9E-430F-97ED-EDBA87FD36C2}.Release|Any CPU.Build.0 = Release|Any CPU
	EndGlobalSection
	GlobalSection(SolutionProperties) = preSolution
		HideSolutionNode = FALSE
	EndGlobalSection
	GlobalSection(ExtensibilityGlobals) = postSolution
		SolutionGuid = {F729C701-A9AC-4657-BDC9-A216E3B6BD37}
	EndGlobalSection
EndGlobal
